// !$*UTF8*$!
{
	archiveVersion = 1;
	classes = {
	};
	objectVersion = 56;
	objects = {

/* Begin PBXBuildFile section */
		12AFA0BB2A3FCB100010E01E /* Toaster.framework in Frameworks */ = {isa = PBXBuildFile; fileRef = 12AFA0B02A3FCB0F0010E01E /* Toaster.framework */; };
		12AFA0D42A3FCB9C0010E01E /* ToastView.swift in Sources */ = {isa = PBXBuildFile; fileRef = 12AFA0CD2A3FCB9C0010E01E /* ToastView.swift */; };
		12AFA0D52A3FCB9C0010E01E /* View+Toast.swift in Sources */ = {isa = PBXBuildFile; fileRef = 12AFA0CE2A3FCB9C0010E01E /* View+Toast.swift */; };
		12AFA0D62A3FCB9C0010E01E /* ToastModifier.swift in Sources */ = {isa = PBXBuildFile; fileRef = 12AFA0CF2A3FCB9C0010E01E /* ToastModifier.swift */; };
		12AFA0D72A3FCB9C0010E01E /* Toast.swift in Sources */ = {isa = PBXBuildFile; fileRef = 12AFA0D02A3FCB9C0010E01E /* Toast.swift */; };
		12AFA0DD2A3FCBBB0010E01E /* ToastTests.swift in Sources */ = {isa = PBXBuildFile; fileRef = 12AFA0DC2A3FCBBB0010E01E /* ToastTests.swift */; };
/* End PBXBuildFile section */

/* Begin PBXContainerItemProxy section */
		12AFA0BC2A3FCB100010E01E /* PBXContainerItemProxy */ = {
			isa = PBXContainerItemProxy;
			containerPortal = 12AFA0A72A3FCB0F0010E01E /* Project object */;
			proxyType = 1;
			remoteGlobalIDString = 12AFA0AF2A3FCB0F0010E01E;
			remoteInfo = Toaster;
		};
/* End PBXContainerItemProxy section */

/* Begin PBXFileReference section */
		12AFA0B02A3FCB0F0010E01E /* Toaster.framework */ = {isa = PBXFileReference; explicitFileType = wrapper.framework; includeInIndex = 0; path = Toaster.framework; sourceTree = BUILT_PRODUCTS_DIR; };
		12AFA0BA2A3FCB100010E01E /* ToasterTests.xctest */ = {isa = PBXFileReference; explicitFileType = wrapper.cfbundle; includeInIndex = 0; path = ToasterTests.xctest; sourceTree = BUILT_PRODUCTS_DIR; };
		12AFA0CA2A3FCB9C0010E01E /* LICENSE */ = {isa = PBXFileReference; fileEncoding = 4; lastKnownFileType = text; path = LICENSE; sourceTree = "<group>"; };
		12AFA0CD2A3FCB9C0010E01E /* ToastView.swift */ = {isa = PBXFileReference; fileEncoding = 4; lastKnownFileType = sourcecode.swift; path = ToastView.swift; sourceTree = "<group>"; };
		12AFA0CE2A3FCB9C0010E01E /* View+Toast.swift */ = {isa = PBXFileReference; fileEncoding = 4; lastKnownFileType = sourcecode.swift; path = "View+Toast.swift"; sourceTree = "<group>"; };
		12AFA0CF2A3FCB9C0010E01E /* ToastModifier.swift */ = {isa = PBXFileReference; fileEncoding = 4; lastKnownFileType = sourcecode.swift; path = ToastModifier.swift; sourceTree = "<group>"; };
		12AFA0D02A3FCB9C0010E01E /* Toast.swift */ = {isa = PBXFileReference; fileEncoding = 4; lastKnownFileType = sourcecode.swift; path = Toast.swift; sourceTree = "<group>"; };
		12AFA0D12A3FCB9C0010E01E /* README.md */ = {isa = PBXFileReference; fileEncoding = 4; lastKnownFileType = net.daringfireball.markdown; path = README.md; sourceTree = "<group>"; };
		12AFA0D22A3FCB9C0010E01E /* Package.swift */ = {isa = PBXFileReference; fileEncoding = 4; lastKnownFileType = sourcecode.swift; path = Package.swift; sourceTree = "<group>"; };
		12AFA0DC2A3FCBBB0010E01E /* ToastTests.swift */ = {isa = PBXFileReference; fileEncoding = 4; lastKnownFileType = sourcecode.swift; path = ToastTests.swift; sourceTree = "<group>"; };
/* End PBXFileReference section */

/* Begin PBXFrameworksBuildPhase section */
		12AFA0AD2A3FCB0F0010E01E /* Frameworks */ = {
			isa = PBXFrameworksBuildPhase;
			buildActionMask = 2147483647;
			files = (
			);
			runOnlyForDeploymentPostprocessing = 0;
		};
		12AFA0B72A3FCB100010E01E /* Frameworks */ = {
			isa = PBXFrameworksBuildPhase;
			buildActionMask = 2147483647;
			files = (
				12AFA0BB2A3FCB100010E01E /* Toaster.framework in Frameworks */,
			);
			runOnlyForDeploymentPostprocessing = 0;
		};
/* End PBXFrameworksBuildPhase section */

/* Begin PBXGroup section */
		12AFA0A62A3FCB0F0010E01E = {
			isa = PBXGroup;
			children = (
				12AFA0DA2A3FCBBB0010E01E /* Tests */,
				12AFA0CA2A3FCB9C0010E01E /* LICENSE */,
				12AFA0D22A3FCB9C0010E01E /* Package.swift */,
				12AFA0D12A3FCB9C0010E01E /* README.md */,
				12AFA0CB2A3FCB9C0010E01E /* Sources */,
				12AFA0B12A3FCB0F0010E01E /* Products */,
			);
			sourceTree = "<group>";
		};
		12AFA0B12A3FCB0F0010E01E /* Products */ = {
			isa = PBXGroup;
			children = (
				12AFA0B02A3FCB0F0010E01E /* Toaster.framework */,
				12AFA0BA2A3FCB100010E01E /* ToasterTests.xctest */,
			);
			name = Products;
			sourceTree = "<group>";
		};
		12AFA0CB2A3FCB9C0010E01E /* Sources */ = {
			isa = PBXGroup;
			children = (
				12AFA0CC2A3FCB9C0010E01E /* Toaster */,
			);
			path = Sources;
			sourceTree = "<group>";
		};
		12AFA0CC2A3FCB9C0010E01E /* Toaster */ = {
			isa = PBXGroup;
			children = (
				12AFA0CD2A3FCB9C0010E01E /* ToastView.swift */,
				12AFA0CE2A3FCB9C0010E01E /* View+Toast.swift */,
				12AFA0CF2A3FCB9C0010E01E /* ToastModifier.swift */,
				12AFA0D02A3FCB9C0010E01E /* Toast.swift */,
			);
			path = Toaster;
			sourceTree = "<group>";
		};
		12AFA0DA2A3FCBBB0010E01E /* Tests */ = {
			isa = PBXGroup;
			children = (
				12AFA0DB2A3FCBBB0010E01E /* ToasterTests */,
			);
			path = Tests;
			sourceTree = "<group>";
		};
		12AFA0DB2A3FCBBB0010E01E /* ToasterTests */ = {
			isa = PBXGroup;
			children = (
				12AFA0DC2A3FCBBB0010E01E /* ToastTests.swift */,
			);
			path = ToasterTests;
			sourceTree = "<group>";
		};
/* End PBXGroup section */

/* Begin PBXHeadersBuildPhase section */
		12AFA0AB2A3FCB0F0010E01E /* Headers */ = {
			isa = PBXHeadersBuildPhase;
			buildActionMask = 2147483647;
			files = (
			);
			runOnlyForDeploymentPostprocessing = 0;
		};
/* End PBXHeadersBuildPhase section */

/* Begin PBXNativeTarget section */
		12AFA0AF2A3FCB0F0010E01E /* Toaster */ = {
			isa = PBXNativeTarget;
			buildConfigurationList = 12AFA0C42A3FCB100010E01E /* Build configuration list for PBXNativeTarget "Toaster" */;
			buildPhases = (
				12AFA0AB2A3FCB0F0010E01E /* Headers */,
				12AFA0AC2A3FCB0F0010E01E /* Sources */,
				12AFA0AD2A3FCB0F0010E01E /* Frameworks */,
				12AFA0AE2A3FCB0F0010E01E /* Resources */,
			);
			buildRules = (
			);
			dependencies = (
			);
			name = Toaster;
			productName = Toaster;
			productReference = 12AFA0B02A3FCB0F0010E01E /* Toaster.framework */;
			productType = "com.apple.product-type.framework";
		};
		12AFA0B92A3FCB100010E01E /* ToasterTests */ = {
			isa = PBXNativeTarget;
			buildConfigurationList = 12AFA0C72A3FCB100010E01E /* Build configuration list for PBXNativeTarget "ToasterTests" */;
			buildPhases = (
				12AFA0B62A3FCB100010E01E /* Sources */,
				12AFA0B72A3FCB100010E01E /* Frameworks */,
				12AFA0B82A3FCB100010E01E /* Resources */,
			);
			buildRules = (
			);
			dependencies = (
				12AFA0BD2A3FCB100010E01E /* PBXTargetDependency */,
			);
			name = ToasterTests;
			productName = ToasterTests;
			productReference = 12AFA0BA2A3FCB100010E01E /* ToasterTests.xctest */;
			productType = "com.apple.product-type.bundle.unit-test";
		};
/* End PBXNativeTarget section */

/* Begin PBXProject section */
		12AFA0A72A3FCB0F0010E01E /* Project object */ = {
			isa = PBXProject;
			attributes = {
				BuildIndependentTargetsInParallel = 1;
				LastSwiftUpdateCheck = 1430;
				LastUpgradeCheck = 1430;
				TargetAttributes = {
					12AFA0AF2A3FCB0F0010E01E = {
						CreatedOnToolsVersion = 14.3.1;
						LastSwiftMigration = 1430;
					};
					12AFA0B92A3FCB100010E01E = {
						CreatedOnToolsVersion = 14.3.1;
					};
				};
			};
			buildConfigurationList = 12AFA0AA2A3FCB0F0010E01E /* Build configuration list for PBXProject "Toaster" */;
			compatibilityVersion = "Xcode 14.0";
			developmentRegion = en;
			hasScannedForEncodings = 0;
			knownRegions = (
				en,
				Base,
			);
			mainGroup = 12AFA0A62A3FCB0F0010E01E;
			productRefGroup = 12AFA0B12A3FCB0F0010E01E /* Products */;
			projectDirPath = "";
			projectRoot = "";
			targets = (
				12AFA0AF2A3FCB0F0010E01E /* Toaster */,
				12AFA0B92A3FCB100010E01E /* ToasterTests */,
			);
		};
/* End PBXProject section */

/* Begin PBXResourcesBuildPhase section */
		12AFA0AE2A3FCB0F0010E01E /* Resources */ = {
			isa = PBXResourcesBuildPhase;
			buildActionMask = 2147483647;
			files = (
			);
			runOnlyForDeploymentPostprocessing = 0;
		};
		12AFA0B82A3FCB100010E01E /* Resources */ = {
			isa = PBXResourcesBuildPhase;
			buildActionMask = 2147483647;
			files = (
			);
			runOnlyForDeploymentPostprocessing = 0;
		};
/* End PBXResourcesBuildPhase section */

/* Begin PBXSourcesBuildPhase section */
		12AFA0AC2A3FCB0F0010E01E /* Sources */ = {
			isa = PBXSourcesBuildPhase;
			buildActionMask = 2147483647;
			files = (
				12AFA0D52A3FCB9C0010E01E /* View+Toast.swift in Sources */,
				12AFA0D72A3FCB9C0010E01E /* Toast.swift in Sources */,
				12AFA0D62A3FCB9C0010E01E /* ToastModifier.swift in Sources */,
				12AFA0D42A3FCB9C0010E01E /* ToastView.swift in Sources */,
			);
			runOnlyForDeploymentPostprocessing = 0;
		};
		12AFA0B62A3FCB100010E01E /* Sources */ = {
			isa = PBXSourcesBuildPhase;
			buildActionMask = 2147483647;
			files = (
				12AFA0DD2A3FCBBB0010E01E /* ToastTests.swift in Sources */,
			);
			runOnlyForDeploymentPostprocessing = 0;
		};
/* End PBXSourcesBuildPhase section */

/* Begin PBXTargetDependency section */
		12AFA0BD2A3FCB100010E01E /* PBXTargetDependency */ = {
			isa = PBXTargetDependency;
			target = 12AFA0AF2A3FCB0F0010E01E /* Toaster */;
			targetProxy = 12AFA0BC2A3FCB100010E01E /* PBXContainerItemProxy */;
		};
/* End PBXTargetDependency section */

/* Begin XCBuildConfiguration section */
		12AFA0C22A3FCB100010E01E /* Debug */ = {
			isa = XCBuildConfiguration;
			buildSettings = {
				ALWAYS_SEARCH_USER_PATHS = NO;
				CLANG_ANALYZER_NONNULL = YES;
				CLANG_ANALYZER_NUMBER_OBJECT_CONVERSION = YES_AGGRESSIVE;
				CLANG_CXX_LANGUAGE_STANDARD = "gnu++20";
				CLANG_ENABLE_MODULES = YES;
				CLANG_ENABLE_OBJC_ARC = YES;
				CLANG_ENABLE_OBJC_WEAK = YES;
				CLANG_WARN_BLOCK_CAPTURE_AUTORELEASING = YES;
				CLANG_WARN_BOOL_CONVERSION = YES;
				CLANG_WARN_COMMA = YES;
				CLANG_WARN_CONSTANT_CONVERSION = YES;
				CLANG_WARN_DEPRECATED_OBJC_IMPLEMENTATIONS = YES;
				CLANG_WARN_DIRECT_OBJC_ISA_USAGE = YES_ERROR;
				CLANG_WARN_DOCUMENTATION_COMMENTS = YES;
				CLANG_WARN_EMPTY_BODY = YES;
				CLANG_WARN_ENUM_CONVERSION = YES;
				CLANG_WARN_INFINITE_RECURSION = YES;
				CLANG_WARN_INT_CONVERSION = YES;
				CLANG_WARN_NON_LITERAL_NULL_CONVERSION = YES;
				CLANG_WARN_OBJC_IMPLICIT_RETAIN_SELF = YES;
				CLANG_WARN_OBJC_LITERAL_CONVERSION = YES;
				CLANG_WARN_OBJC_ROOT_CLASS = YES_ERROR;
				CLANG_WARN_QUOTED_INCLUDE_IN_FRAMEWORK_HEADER = YES;
				CLANG_WARN_RANGE_LOOP_ANALYSIS = YES;
				CLANG_WARN_STRICT_PROTOTYPES = YES;
				CLANG_WARN_SUSPICIOUS_MOVE = YES;
				CLANG_WARN_UNGUARDED_AVAILABILITY = YES_AGGRESSIVE;
				CLANG_WARN_UNREACHABLE_CODE = YES;
				CLANG_WARN__DUPLICATE_METHOD_MATCH = YES;
				COPY_PHASE_STRIP = NO;
				CURRENT_PROJECT_VERSION = 1;
				DEBUG_INFORMATION_FORMAT = dwarf;
				ENABLE_STRICT_OBJC_MSGSEND = YES;
				ENABLE_TESTABILITY = YES;
				GCC_C_LANGUAGE_STANDARD = gnu11;
				GCC_DYNAMIC_NO_PIC = NO;
				GCC_NO_COMMON_BLOCKS = YES;
				GCC_OPTIMIZATION_LEVEL = 0;
				GCC_PREPROCESSOR_DEFINITIONS = (
					"DEBUG=1",
					"$(inherited)",
				);
				GCC_WARN_64_TO_32_BIT_CONVERSION = YES;
				GCC_WARN_ABOUT_RETURN_TYPE = YES_ERROR;
				GCC_WARN_UNDECLARED_SELECTOR = YES;
				GCC_WARN_UNINITIALIZED_AUTOS = YES_AGGRESSIVE;
				GCC_WARN_UNUSED_FUNCTION = YES;
				GCC_WARN_UNUSED_VARIABLE = YES;
				IPHONEOS_DEPLOYMENT_TARGET = 16.4;
				MTL_ENABLE_DEBUG_INFO = INCLUDE_SOURCE;
				MTL_FAST_MATH = YES;
				ONLY_ACTIVE_ARCH = YES;
				SDKROOT = iphoneos;
				SWIFT_ACTIVE_COMPILATION_CONDITIONS = DEBUG;
				SWIFT_OPTIMIZATION_LEVEL = "-Onone";
				VERSIONING_SYSTEM = "apple-generic";
				VERSION_INFO_PREFIX = "";
			};
			name = Debug;
		};
		12AFA0C32A3FCB100010E01E /* Release */ = {
			isa = XCBuildConfiguration;
			buildSettings = {
				ALWAYS_SEARCH_USER_PATHS = NO;
				CLANG_ANALYZER_NONNULL = YES;
				CLANG_ANALYZER_NUMBER_OBJECT_CONVERSION = YES_AGGRESSIVE;
				CLANG_CXX_LANGUAGE_STANDARD = "gnu++20";
				CLANG_ENABLE_MODULES = YES;
				CLANG_ENABLE_OBJC_ARC = YES;
				CLANG_ENABLE_OBJC_WEAK = YES;
				CLANG_WARN_BLOCK_CAPTURE_AUTORELEASING = YES;
				CLANG_WARN_BOOL_CONVERSION = YES;
				CLANG_WARN_COMMA = YES;
				CLANG_WARN_CONSTANT_CONVERSION = YES;
				CLANG_WARN_DEPRECATED_OBJC_IMPLEMENTATIONS = YES;
				CLANG_WARN_DIRECT_OBJC_ISA_USAGE = YES_ERROR;
				CLANG_WARN_DOCUMENTATION_COMMENTS = YES;
				CLANG_WARN_EMPTY_BODY = YES;
				CLANG_WARN_ENUM_CONVERSION = YES;
				CLANG_WARN_INFINITE_RECURSION = YES;
				CLANG_WARN_INT_CONVERSION = YES;
				CLANG_WARN_NON_LITERAL_NULL_CONVERSION = YES;
				CLANG_WARN_OBJC_IMPLICIT_RETAIN_SELF = YES;
				CLANG_WARN_OBJC_LITERAL_CONVERSION = YES;
				CLANG_WARN_OBJC_ROOT_CLASS = YES_ERROR;
				CLANG_WARN_QUOTED_INCLUDE_IN_FRAMEWORK_HEADER = YES;
				CLANG_WARN_RANGE_LOOP_ANALYSIS = YES;
				CLANG_WARN_STRICT_PROTOTYPES = YES;
				CLANG_WARN_SUSPICIOUS_MOVE = YES;
				CLANG_WARN_UNGUARDED_AVAILABILITY = YES_AGGRESSIVE;
				CLANG_WARN_UNREACHABLE_CODE = YES;
				CLANG_WARN__DUPLICATE_METHOD_MATCH = YES;
				COPY_PHASE_STRIP = NO;
				CURRENT_PROJECT_VERSION = 1;
				DEBUG_INFORMATION_FORMAT = "dwarf-with-dsym";
				ENABLE_NS_ASSERTIONS = NO;
				ENABLE_STRICT_OBJC_MSGSEND = YES;
				GCC_C_LANGUAGE_STANDARD = gnu11;
				GCC_NO_COMMON_BLOCKS = YES;
				GCC_WARN_64_TO_32_BIT_CONVERSION = YES;
				GCC_WARN_ABOUT_RETURN_TYPE = YES_ERROR;
				GCC_WARN_UNDECLARED_SELECTOR = YES;
				GCC_WARN_UNINITIALIZED_AUTOS = YES_AGGRESSIVE;
				GCC_WARN_UNUSED_FUNCTION = YES;
				GCC_WARN_UNUSED_VARIABLE = YES;
				IPHONEOS_DEPLOYMENT_TARGET = 16.4;
				MTL_ENABLE_DEBUG_INFO = NO;
				MTL_FAST_MATH = YES;
				SDKROOT = iphoneos;
				SWIFT_COMPILATION_MODE = wholemodule;
				SWIFT_OPTIMIZATION_LEVEL = "-O";
				VALIDATE_PRODUCT = YES;
				VERSIONING_SYSTEM = "apple-generic";
				VERSION_INFO_PREFIX = "";
			};
			name = Release;
		};
		12AFA0C52A3FCB100010E01E /* Debug */ = {
			isa = XCBuildConfiguration;
			buildSettings = {
				CLANG_ENABLE_MODULES = YES;
				CODE_SIGN_STYLE = Automatic;
				CURRENT_PROJECT_VERSION = 1;
				DEFINES_MODULE = YES;
				DEVELOPMENT_TEAM = 4GS5NBU7N5;
				DYLIB_COMPATIBILITY_VERSION = 1;
				DYLIB_CURRENT_VERSION = 1;
				DYLIB_INSTALL_NAME_BASE = "@rpath";
				ENABLE_MODULE_VERIFIER = YES;
				GENERATE_INFOPLIST_FILE = YES;
				INFOPLIST_KEY_NSHumanReadableCopyright = "";
				INSTALL_PATH = "$(LOCAL_LIBRARY_DIR)/Frameworks";
				LD_RUNPATH_SEARCH_PATHS = (
					"$(inherited)",
					"@executable_path/Frameworks",
					"@loader_path/Frameworks",
				);
				MARKETING_VERSION = 1.0;
				MODULE_VERIFIER_SUPPORTED_LANGUAGES = "objective-c objective-c++";
				MODULE_VERIFIER_SUPPORTED_LANGUAGE_STANDARDS = "gnu11 gnu++20";
				PRODUCT_BUNDLE_IDENTIFIER = com.darkmatter.Toaster;
				PRODUCT_NAME = "$(TARGET_NAME:c99extidentifier)";
				SKIP_INSTALL = YES;
				SWIFT_EMIT_LOC_STRINGS = YES;
				SWIFT_OPTIMIZATION_LEVEL = "-Onone";
				SWIFT_VERSION = 5.0;
				TARGETED_DEVICE_FAMILY = "1,2";
			};
			name = Debug;
		};
		12AFA0C62A3FCB100010E01E /* Release */ = {
			isa = XCBuildConfiguration;
			buildSettings = {
				CLANG_ENABLE_MODULES = YES;
				CODE_SIGN_STYLE = Automatic;
				CURRENT_PROJECT_VERSION = 1;
				DEFINES_MODULE = YES;
				DEVELOPMENT_TEAM = 4GS5NBU7N5;
				DYLIB_COMPATIBILITY_VERSION = 1;
				DYLIB_CURRENT_VERSION = 1;
				DYLIB_INSTALL_NAME_BASE = "@rpath";
				ENABLE_MODULE_VERIFIER = YES;
				GENERATE_INFOPLIST_FILE = YES;
				INFOPLIST_KEY_NSHumanReadableCopyright = "";
				INSTALL_PATH = "$(LOCAL_LIBRARY_DIR)/Frameworks";
				LD_RUNPATH_SEARCH_PATHS = (
					"$(inherited)",
					"@executable_path/Frameworks",
					"@loader_path/Frameworks",
				);
				MARKETING_VERSION = 1.0;
				MODULE_VERIFIER_SUPPORTED_LANGUAGES = "objective-c objective-c++";
				MODULE_VERIFIER_SUPPORTED_LANGUAGE_STANDARDS = "gnu11 gnu++20";
				PRODUCT_BUNDLE_IDENTIFIER = com.darkmatter.Toaster;
				PRODUCT_NAME = "$(TARGET_NAME:c99extidentifier)";
				SKIP_INSTALL = YES;
				SWIFT_EMIT_LOC_STRINGS = YES;
				SWIFT_VERSION = 5.0;
				TARGETED_DEVICE_FAMILY = "1,2";
			};
			name = Release;
		};
		12AFA0C82A3FCB100010E01E /* Debug */ = {
			isa = XCBuildConfiguration;
			buildSettings = {
				ALWAYS_EMBED_SWIFT_STANDARD_LIBRARIES = YES;
				CODE_SIGN_STYLE = Automatic;
				CURRENT_PROJECT_VERSION = 1;
				DEVELOPMENT_TEAM = 4GS5NBU7N5;
				GENERATE_INFOPLIST_FILE = YES;
				MARKETING_VERSION = 1.0;
				PRODUCT_BUNDLE_IDENTIFIER = com.darkmatter.ToasterTests;
				PRODUCT_NAME = "$(TARGET_NAME)";
				SWIFT_EMIT_LOC_STRINGS = NO;
				SWIFT_VERSION = 5.0;
				TARGETED_DEVICE_FAMILY = "1,2";
			};
			name = Debug;
		};
		12AFA0C92A3FCB100010E01E /* Release */ = {
			isa = XCBuildConfiguration;
			buildSettings = {
				ALWAYS_EMBED_SWIFT_STANDARD_LIBRARIES = YES;
				CODE_SIGN_STYLE = Automatic;
				CURRENT_PROJECT_VERSION = 1;
				DEVELOPMENT_TEAM = 4GS5NBU7N5;
				GENERATE_INFOPLIST_FILE = YES;
				MARKETING_VERSION = 1.0;
				PRODUCT_BUNDLE_IDENTIFIER = com.darkmatter.ToasterTests;
				PRODUCT_NAME = "$(TARGET_NAME)";
				SWIFT_EMIT_LOC_STRINGS = NO;
				SWIFT_VERSION = 5.0;
				TARGETED_DEVICE_FAMILY = "1,2";
			};
			name = Release;
		};
/* End XCBuildConfiguration section */

/* Begin XCConfigurationList section */
		12AFA0AA2A3FCB0F0010E01E /* Build configuration list for PBXProject "Toaster" */ = {
			isa = XCConfigurationList;
			buildConfigurations = (
				12AFA0C22A3FCB100010E01E /* Debug */,
				12AFA0C32A3FCB100010E01E /* Release */,
			);
			defaultConfigurationIsVisible = 0;
			defaultConfigurationName = Release;
		};
		12AFA0C42A3FCB100010E01E /* Build configuration list for PBXNativeTarget "Toaster" */ = {
			isa = XCConfigurationList;
			buildConfigurations = (
				12AFA0C52A3FCB100010E01E /* Debug */,
				12AFA0C62A3FCB100010E01E /* Release */,
			);
			defaultConfigurationIsVisible = 0;
			defaultConfigurationName = Release;
		};
		12AFA0C72A3FCB100010E01E /* Build configuration list for PBXNativeTarget "ToasterTests" */ = {
			isa = XCConfigurationList;
			buildConfigurations = (
				12AFA0C82A3FCB100010E01E /* Debug */,
				12AFA0C92A3FCB100010E01E /* Release */,
			);
			defaultConfigurationIsVisible = 0;
			defaultConfigurationName = Release;
		};
/* End XCConfigurationList section */
	};
	rootObject = 12AFA0A72A3FCB0F0010E01E /* Project object */;
}
